
Microsoft Visual Studio Solution File, Format Version 12.00
# Visual Studio 15
VisualStudioVersion = 15.0.28010.2036
MinimumVisualStudioVersion = 10.0.40219.1
Project("{8BC9CEB8-8B4A-11D0-8D11-00A0C91BC942}") = "HW", "HW\HW.vcxproj", "{97E8809B-90BF-430C-9387-871C20CF995D}"
EndProject
Global
	GlobalSection(SolutionConfigurationPlatforms) = preSolution
		Debug|x64 = Debug|x64
		Debug|x86 = Debug|x86
		Release|x64 = Release|x64
		Release|x86 = Release|x86
	EndGlobalSection
	GlobalSection(ProjectConfigurationPlatforms) = postSolution
		{97E8809B-90BF-430C-9387-871C20CF995D}.Debug|x64.ActiveCfg = Debug|x64
		{97E8809B-90BF-430C-9387-871C20CF995D}.Debug|x64.Build.0 = Debug|x64
		{97E8809B-90BF-430C-9387-871C20CF995D}.Debug|x86.ActiveCfg = Debug|Win32
		{97E8809B-90BF-430C-9387-871C20CF995D}.Debug|x86.Build.0 = Debug|Win32
		{97E8809B-90BF-430C-9387-871C20CF995D}.Release|x64.ActiveCfg = Release|x64
		{97E8809B-90BF-430C-9387-871C20CF995D}.Release|x64.Build.0 = Release|x64
		{97E8809B-90BF-430C-9387-871C20CF995D}.Release|x86.ActiveCfg = Release|Win32
		{97E8809B-90BF-430C-9387-871C20CF995D}.Release|x86.Build.0 = Release|Win32
	EndGlobalSection
	GlobalSection(SolutionProperties) = preSolution
		HideSolutionNode = FALSE
	EndGlobalSection
	GlobalSection(ExtensibilityGlobals) = postSolution
		SolutionGuid = {2E774B14-8A6D-4CC6-963D-3B9067D3E16F}
	EndGlobalSection
EndGlobal
